
Microsoft Visual Studio Solution File, Format Version 12.00
# Visual Studio Version 17
VisualStudioVersion = 17.14.36414.22
MinimumVisualStudioVersion = 10.0.40219.1
Project("{2150E333-8FDC-42A3-9474-1A3956D46DE8}") = "Task0", "Task0", "{02EA681E-C7D8-13C7-8484-4AC65E1B71E8}"
EndProject
Project("{FAE04EC0-301F-11D3-BF4B-00C04F79EFBC}") = "Tyuiu.PavlovaVV.Sprint5.Task0.V8", "Tyuiu.PavlovaVV.Sprint5.Task0.V8\Tyuiu.PavlovaVV.Sprint5.Task0.V8.csproj", "{B84893E5-2547-493A-9948-AD9714DE1159}"
EndProject
Project("{FAE04EC0-301F-11D3-BF4B-00C04F79EFBC}") = "Tyuiu.PavlovaVV.Sprint5.Task0.V8.Lib", "Tyuiu.PavlovaVV.Sprint5.Task0.V8.Lib\Tyuiu.PavlovaVV.Sprint5.Task0.V8.Lib.csproj", "{68B2F3E2-EAFC-4229-B877-3DC85F8D5697}"
EndProject
Project("{FAE04EC0-301F-11D3-BF4B-00C04F79EFBC}") = "Tyuiu.PavlovaVV.Sprint5.Task0.V8.Test", "Tyuiu.PavlovaVV.Sprint5.Task0.V8.Test\Tyuiu.PavlovaVV.Sprint5.Task0.V8.Test.csproj", "{E18414D7-5503-48FE-A68D-448B8FF4B965}"
EndProject
Project("{2150E333-8FDC-42A3-9474-1A3956D46DE8}") = "Task1", "Task1", "{DDA180A3-7D9B-4B56-B4EC-D3B5FB1365E7}"
EndProject
Project("{FAE04EC0-301F-11D3-BF4B-00C04F79EFBC}") = "Tyuiu.PavlovaVV.Sprint5.Task1.V17", "Tyuiu.PavlovaVV.Sprint5.Task1.V17\Tyuiu.PavlovaVV.Sprint5.Task1.V17.csproj", "{91D71379-23FB-4D5C-9309-E483157FE780}"
EndProject
Project("{FAE04EC0-301F-11D3-BF4B-00C04F79EFBC}") = "Tyuiu.PavlovaVV.Sprint5.Task1.V17.Lib", "Tyuiu.PavlovaVV.Sprint5.Task1.V17.Lib\Tyuiu.PavlovaVV.Sprint5.Task1.V17.Lib.csproj", "{C24213A7-B9F7-4EBA-B05E-F93571B73DED}"
EndProject
Project("{FAE04EC0-301F-11D3-BF4B-00C04F79EFBC}") = "Tyuiu.PavlovaVV.Sprint5.Task1.V17.Test", "Tyuiu.PavlovaVV.Sprint5.Task1.V17.Test\Tyuiu.PavlovaVV.Sprint5.Task1.V17.Test.csproj", "{11ACCBEF-49A8-4A0D-9A7C-87294F2F0834}"
EndProject
Project("{2150E333-8FDC-42A3-9474-1A3956D46DE8}") = "Task2", "Task2", "{FFA4B50D-1D55-4161-B16C-55E2F9F49708}"
EndProject
Project("{FAE04EC0-301F-11D3-BF4B-00C04F79EFBC}") = "Tyuiu.PavlovaVV.Sprint5.Task2.V30", "Tyuiu.PavlovaVV.Sprint5.Task2.V30\Tyuiu.PavlovaVV.Sprint5.Task2.V30.csproj", "{1C4DCF5B-A994-48CB-8ED8-C419BC2B6885}"
EndProject
Project("{FAE04EC0-301F-11D3-BF4B-00C04F79EFBC}") = "Tyuiu.PavlovaVV.Sprint5.Task2.V30.Lib", "Tyuiu.PavlovaVV.Sprint5.Task2.V30.Lib\Tyuiu.PavlovaVV.Sprint5.Task2.V30.Lib.csproj", "{C374189C-E6B1-4E4E-A0DD-3A4B47CE58E2}"
EndProject
Project("{FAE04EC0-301F-11D3-BF4B-00C04F79EFBC}") = "Tyuiu.PavlovaVV.Sprint5.Task2.V30.Test", "Tyuiu.PavlovaVV.Sprint5.Task2.V30.Test\Tyuiu.PavlovaVV.Sprint5.Task2.V30.Test.csproj", "{F0D9F173-E9DB-4B31-8714-F533E3F2AD4F}"
EndProject
Project("{2150E333-8FDC-42A3-9474-1A3956D46DE8}") = "Task3", "Task3", "{BCB9A61D-FAFE-47E2-BA54-715E97EBDFDE}"
EndProject
Project("{FAE04EC0-301F-11D3-BF4B-00C04F79EFBC}") = "Tyuiu.PavlovaVV.Sprint5.Task3.V16", "Tyuiu.PavlovaVV.Sprint5.Task3.V16\Tyuiu.PavlovaVV.Sprint5.Task3.V16.csproj", "{629B701A-3A54-423C-AA01-A607172F2798}"
EndProject
Project("{FAE04EC0-301F-11D3-BF4B-00C04F79EFBC}") = "Tyuiu.PavlovaVV.Sprint5.Task3.V16.Lib", "Tyuiu.PavlovaVV.Sprint5.Task3.V16.Lib\Tyuiu.PavlovaVV.Sprint5.Task3.V16.Lib.csproj", "{B5FDB28C-7B1D-4CC7-94AA-F7D5703AA671}"
EndProject
Project("{FAE04EC0-301F-11D3-BF4B-00C04F79EFBC}") = "Tyuiu.PavlovaVV.Sprint5.Task3.V16.Test", "Tyuiu.PavlovaVV.Sprint5.Task3.V16.Test\Tyuiu.PavlovaVV.Sprint5.Task3.V16.Test.csproj", "{D16BD41D-402A-4415-96C7-B0163070AFD6}"
EndProject
Project("{2150E333-8FDC-42A3-9474-1A3956D46DE8}") = "Task4", "Task4", "{66ADF898-A4F3-4C1F-B70B-BDEA6B121326}"
EndProject
Project("{FAE04EC0-301F-11D3-BF4B-00C04F79EFBC}") = "Tyuiu.PavlovaVV.Sprint5.Task4.V17", "Tyuiu.PavlovaVV.Sprint5.Task4.V17\Tyuiu.PavlovaVV.Sprint5.Task4.V17.csproj", "{2B86DF72-0301-4AF8-875F-F72CB9D42FED}"
EndProject
Project("{FAE04EC0-301F-11D3-BF4B-00C04F79EFBC}") = "Tyuiu.PavlovaVV.Sprint5.Task4.V17.Lib", "Tyuiu.PavlovaVV.Sprint5.Task4.V17.Lib\Tyuiu.PavlovaVV.Sprint5.Task4.V17.Lib.csproj", "{EE234686-36D1-4CDD-AF91-C97F016A9312}"
EndProject
Project("{FAE04EC0-301F-11D3-BF4B-00C04F79EFBC}") = "Tyuiu.PavlovaVV.Sprint5.Task4.V17.Test", "Tyuiu.PavlovaVV.Sprint5.Task4.V17.Test\Tyuiu.PavlovaVV.Sprint5.Task4.V17.Test.csproj", "{BC1CFBDD-6B44-4757-BF26-7FE44BACD3D6}"
EndProject
Project("{2150E333-8FDC-42A3-9474-1A3956D46DE8}") = "Task5", "Task5", "{20922655-2FF8-45B3-8DE1-5E1C0EEA8107}"
EndProject
Project("{FAE04EC0-301F-11D3-BF4B-00C04F79EFBC}") = "Tyuiu.PavlovaVV.Sprint5.Task5.V29", "Tyuiu.PavlovaVV.Sprint5.Task5.V29\Tyuiu.PavlovaVV.Sprint5.Task5.V29.csproj", "{4E194381-392D-4411-9210-080B11955B15}"
EndProject
Project("{FAE04EC0-301F-11D3-BF4B-00C04F79EFBC}") = "Tyuiu.PavlovaVV.Sprint5.Task5.V29.Lib", "Tyuiu.PavlovaVV.Sprint5.Task5.V29.Lib\Tyuiu.PavlovaVV.Sprint5.Task5.V29.Lib.csproj", "{5A1D49B5-4EAA-43DD-9FCC-7627883CFDC4}"
EndProject
Project("{FAE04EC0-301F-11D3-BF4B-00C04F79EFBC}") = "Tyuiu.PavlovaVV.Sprint5.Task5.V29.Test", "Tyuiu.PavlovaVV.Sprint5.Task5.V29.Test\Tyuiu.PavlovaVV.Sprint5.Task5.V29.Test.csproj", "{EE4D2CB7-B436-4F37-A57C-ECAB6E8ED57E}"
EndProject
Project("{2150E333-8FDC-42A3-9474-1A3956D46DE8}") = "Task6", "Task6", "{A4C9E3DA-EEBF-41F9-B9F6-859E04D1562C}"
EndProject
Project("{FAE04EC0-301F-11D3-BF4B-00C04F79EFBC}") = "Tyuiu.PavlovaVV.Sprint5.Task6.V3", "Tyuiu.PavlovaVV.Sprint5.Task6.V3\Tyuiu.PavlovaVV.Sprint5.Task6.V3.csproj", "{16A73AFA-2F0F-4DBE-ACD3-80795898E1A0}"
EndProject
Project("{FAE04EC0-301F-11D3-BF4B-00C04F79EFBC}") = "Tyuiu.PavlovaVV.Sprint5.Task6.V3.Lib", "Tyuiu.PavlovaVV.Sprint5.Task6.V3.Lib\Tyuiu.PavlovaVV.Sprint5.Task6.V3.Lib.csproj", "{CA16484D-4B98-44E7-812C-EEA33BFED833}"
EndProject
Project("{FAE04EC0-301F-11D3-BF4B-00C04F79EFBC}") = "Tyuiu.PavlovaVV.Sprint5.Task6.V3.Test", "Tyuiu.PavlovaVV.Sprint5.Task6.V3.Test\Tyuiu.PavlovaVV.Sprint5.Task6.V3.Test.csproj", "{39158C47-45D4-4ECF-B110-13529B99CDE6}"
EndProject
Global
	GlobalSection(SolutionConfigurationPlatforms) = preSolution
		Debug|Any CPU = Debug|Any CPU
		Release|Any CPU = Release|Any CPU
	EndGlobalSection
	GlobalSection(ProjectConfigurationPlatforms) = postSolution
		{B84893E5-2547-493A-9948-AD9714DE1159}.Debug|Any CPU.ActiveCfg = Debug|Any CPU
		{B84893E5-2547-493A-9948-AD9714DE1159}.Debug|Any CPU.Build.0 = Debug|Any CPU
		{B84893E5-2547-493A-9948-AD9714DE1159}.Release|Any CPU.ActiveCfg = Release|Any CPU
		{B84893E5-2547-493A-9948-AD9714DE1159}.Release|Any CPU.Build.0 = Release|Any CPU
		{68B2F3E2-EAFC-4229-B877-3DC85F8D5697}.Debug|Any CPU.ActiveCfg = Debug|Any CPU
		{68B2F3E2-EAFC-4229-B877-3DC85F8D5697}.Debug|Any CPU.Build.0 = Debug|Any CPU
		{68B2F3E2-EAFC-4229-B877-3DC85F8D5697}.Release|Any CPU.ActiveCfg = Release|Any CPU
		{68B2F3E2-EAFC-4229-B877-3DC85F8D5697}.Release|Any CPU.Build.0 = Release|Any CPU
		{E18414D7-5503-48FE-A68D-448B8FF4B965}.Debug|Any CPU.ActiveCfg = Debug|Any CPU
		{E18414D7-5503-48FE-A68D-448B8FF4B965}.Debug|Any CPU.Build.0 = Debug|Any CPU
		{E18414D7-5503-48FE-A68D-448B8FF4B965}.Release|Any CPU.ActiveCfg = Release|Any CPU
		{E18414D7-5503-48FE-A68D-448B8FF4B965}.Release|Any CPU.Build.0 = Release|Any CPU
		{91D71379-23FB-4D5C-9309-E483157FE780}.Debug|Any CPU.ActiveCfg = Debug|Any CPU
		{91D71379-23FB-4D5C-9309-E483157FE780}.Debug|Any CPU.Build.0 = Debug|Any CPU
		{91D71379-23FB-4D5C-9309-E483157FE780}.Release|Any CPU.ActiveCfg = Release|Any CPU
		{91D71379-23FB-4D5C-9309-E483157FE780}.Release|Any CPU.Build.0 = Release|Any CPU
		{C24213A7-B9F7-4EBA-B05E-F93571B73DED}.Debug|Any CPU.ActiveCfg = Debug|Any CPU
		{C24213A7-B9F7-4EBA-B05E-F93571B73DED}.Debug|Any CPU.Build.0 = Debug|Any CPU
		{C24213A7-B9F7-4EBA-B05E-F93571B73DED}.Release|Any CPU.ActiveCfg = Release|Any CPU
		{C24213A7-B9F7-4EBA-B05E-F93571B73DED}.Release|Any CPU.Build.0 = Release|Any CPU
		{11ACCBEF-49A8-4A0D-9A7C-87294F2F0834}.Debug|Any CPU.ActiveCfg = Debug|Any CPU
		{11ACCBEF-49A8-4A0D-9A7C-87294F2F0834}.Debug|Any CPU.Build.0 = Debug|Any CPU
		{11ACCBEF-49A8-4A0D-9A7C-87294F2F0834}.Release|Any CPU.ActiveCfg = Release|Any CPU
		{11ACCBEF-49A8-4A0D-9A7C-87294F2F0834}.Release|Any CPU.Build.0 = Release|Any CPU
		{1C4DCF5B-A994-48CB-8ED8-C419BC2B6885}.Debug|Any CPU.ActiveCfg = Debug|Any CPU
		{1C4DCF5B-A994-48CB-8ED8-C419BC2B6885}.Debug|Any CPU.Build.0 = Debug|Any CPU
		{1C4DCF5B-A994-48CB-8ED8-C419BC2B6885}.Release|Any CPU.ActiveCfg = Release|Any CPU
		{1C4DCF5B-A994-48CB-8ED8-C419BC2B6885}.Release|Any CPU.Build.0 = Release|Any CPU
		{C374189C-E6B1-4E4E-A0DD-3A4B47CE58E2}.Debug|Any CPU.ActiveCfg = Debug|Any CPU
		{C374189C-E6B1-4E4E-A0DD-3A4B47CE58E2}.Debug|Any CPU.Build.0 = Debug|Any CPU
		{C374189C-E6B1-4E4E-A0DD-3A4B47CE58E2}.Release|Any CPU.ActiveCfg = Release|Any CPU
		{C374189C-E6B1-4E4E-A0DD-3A4B47CE58E2}.Release|Any CPU.Build.0 = Release|Any CPU
		{F0D9F173-E9DB-4B31-8714-F533E3F2AD4F}.Debug|Any CPU.ActiveCfg = Debug|Any CPU
		{F0D9F173-E9DB-4B31-8714-F533E3F2AD4F}.Debug|Any CPU.Build.0 = Debug|Any CPU
		{F0D9F173-E9DB-4B31-8714-F533E3F2AD4F}.Release|Any CPU.ActiveCfg = Release|Any CPU
		{F0D9F173-E9DB-4B31-8714-F533E3F2AD4F}.Release|Any CPU.Build.0 = Release|Any CPU
		{629B701A-3A54-423C-AA01-A607172F2798}.Debug|Any CPU.ActiveCfg = Debug|Any CPU
		{629B701A-3A54-423C-AA01-A607172F2798}.Debug|Any CPU.Build.0 = Debug|Any CPU
		{629B701A-3A54-423C-AA01-A607172F2798}.Release|Any CPU.ActiveCfg = Release|Any CPU
		{629B701A-3A54-423C-AA01-A607172F2798}.Release|Any CPU.Build.0 = Release|Any CPU
		{B5FDB28C-7B1D-4CC7-94AA-F7D5703AA671}.Debug|Any CPU.ActiveCfg = Debug|Any CPU
		{B5FDB28C-7B1D-4CC7-94AA-F7D5703AA671}.Debug|Any CPU.Build.0 = Debug|Any CPU
		{B5FDB28C-7B1D-4CC7-94AA-F7D5703AA671}.Release|Any CPU.ActiveCfg = Release|Any CPU
		{B5FDB28C-7B1D-4CC7-94AA-F7D5703AA671}.Release|Any CPU.Build.0 = Release|Any CPU
		{D16BD41D-402A-4415-96C7-B0163070AFD6}.Debug|Any CPU.ActiveCfg = Debug|Any CPU
		{D16BD41D-402A-4415-96C7-B0163070AFD6}.Debug|Any CPU.Build.0 = Debug|Any CPU
		{D16BD41D-402A-4415-96C7-B0163070AFD6}.Release|Any CPU.ActiveCfg = Release|Any CPU
		{D16BD41D-402A-4415-96C7-B0163070AFD6}.Release|Any CPU.Build.0 = Release|Any CPU
		{2B86DF72-0301-4AF8-875F-F72CB9D42FED}.Debug|Any CPU.ActiveCfg = Debug|Any CPU
		{2B86DF72-0301-4AF8-875F-F72CB9D42FED}.Debug|Any CPU.Build.0 = Debug|Any CPU
		{2B86DF72-0301-4AF8-875F-F72CB9D42FED}.Release|Any CPU.ActiveCfg = Release|Any CPU
		{2B86DF72-0301-4AF8-875F-F72CB9D42FED}.Release|Any CPU.Build.0 = Release|Any CPU
		{EE234686-36D1-4CDD-AF91-C97F016A9312}.Debug|Any CPU.ActiveCfg = Debug|Any CPU
		{EE234686-36D1-4CDD-AF91-C97F016A9312}.Debug|Any CPU.Build.0 = Debug|Any CPU
		{EE234686-36D1-4CDD-AF91-C97F016A9312}.Release|Any CPU.ActiveCfg = Release|Any CPU
		{EE234686-36D1-4CDD-AF91-C97F016A9312}.Release|Any CPU.Build.0 = Release|Any CPU
		{BC1CFBDD-6B44-4757-BF26-7FE44BACD3D6}.Debug|Any CPU.ActiveCfg = Debug|Any CPU
		{BC1CFBDD-6B44-4757-BF26-7FE44BACD3D6}.Debug|Any CPU.Build.0 = Debug|Any CPU
		{BC1CFBDD-6B44-4757-BF26-7FE44BACD3D6}.Release|Any CPU.ActiveCfg = Release|Any CPU
		{BC1CFBDD-6B44-4757-BF26-7FE44BACD3D6}.Release|Any CPU.Build.0 = Release|Any CPU
		{4E194381-392D-4411-9210-080B11955B15}.Debug|Any CPU.ActiveCfg = Debug|Any CPU
		{4E194381-392D-4411-9210-080B11955B15}.Debug|Any CPU.Build.0 = Debug|Any CPU
		{4E194381-392D-4411-9210-080B11955B15}.Release|Any CPU.ActiveCfg = Release|Any CPU
		{4E194381-392D-4411-9210-080B11955B15}.Release|Any CPU.Build.0 = Release|Any CPU
		{5A1D49B5-4EAA-43DD-9FCC-7627883CFDC4}.Debug|Any CPU.ActiveCfg = Debug|Any CPU
		{5A1D49B5-4EAA-43DD-9FCC-7627883CFDC4}.Debug|Any CPU.Build.0 = Debug|Any CPU
		{5A1D49B5-4EAA-43DD-9FCC-7627883CFDC4}.Release|Any CPU.ActiveCfg = Release|Any CPU
		{5A1D49B5-4EAA-43DD-9FCC-7627883CFDC4}.Release|Any CPU.Build.0 = Release|Any CPU
		{EE4D2CB7-B436-4F37-A57C-ECAB6E8ED57E}.Debug|Any CPU.ActiveCfg = Debug|Any CPU
		{EE4D2CB7-B436-4F37-A57C-ECAB6E8ED57E}.Debug|Any CPU.Build.0 = Debug|Any CPU
		{EE4D2CB7-B436-4F37-A57C-ECAB6E8ED57E}.Release|Any CPU.ActiveCfg = Release|Any CPU
		{EE4D2CB7-B436-4F37-A57C-ECAB6E8ED57E}.Release|Any CPU.Build.0 = Release|Any CPU
		{16A73AFA-2F0F-4DBE-ACD3-80795898E1A0}.Debug|Any CPU.ActiveCfg = Debug|Any CPU
		{16A73AFA-2F0F-4DBE-ACD3-80795898E1A0}.Debug|Any CPU.Build.0 = Debug|Any CPU
		{16A73AFA-2F0F-4DBE-ACD3-80795898E1A0}.Release|Any CPU.ActiveCfg = Release|Any CPU
		{16A73AFA-2F0F-4DBE-ACD3-80795898E1A0}.Release|Any CPU.Build.0 = Release|Any CPU
		{CA16484D-4B98-44E7-812C-EEA33BFED833}.Debug|Any CPU.ActiveCfg = Debug|Any CPU
		{CA16484D-4B98-44E7-812C-EEA33BFED833}.Debug|Any CPU.Build.0 = Debug|Any CPU
		{CA16484D-4B98-44E7-812C-EEA33BFED833}.Release|Any CPU.ActiveCfg = Release|Any CPU
		{CA16484D-4B98-44E7-812C-EEA33BFED833}.Release|Any CPU.Build.0 = Release|Any CPU
		{39158C47-45D4-4ECF-B110-13529B99CDE6}.Debug|Any CPU.ActiveCfg = Debug|Any CPU
		{39158C47-45D4-4ECF-B110-13529B99CDE6}.Debug|Any CPU.Build.0 = Debug|Any CPU
		{39158C47-45D4-4ECF-B110-13529B99CDE6}.Release|Any CPU.ActiveCfg = Release|Any CPU
		{39158C47-45D4-4ECF-B110-13529B99CDE6}.Release|Any CPU.Build.0 = Release|Any CPU
	EndGlobalSection
	GlobalSection(SolutionProperties) = preSolution
		HideSolutionNode = FALSE
	EndGlobalSection
	GlobalSection(NestedProjects) = preSolution
		{B84893E5-2547-493A-9948-AD9714DE1159} = {02EA681E-C7D8-13C7-8484-4AC65E1B71E8}
		{68B2F3E2-EAFC-4229-B877-3DC85F8D5697} = {02EA681E-C7D8-13C7-8484-4AC65E1B71E8}
		{E18414D7-5503-48FE-A68D-448B8FF4B965} = {02EA681E-C7D8-13C7-8484-4AC65E1B71E8}
		{91D71379-23FB-4D5C-9309-E483157FE780} = {DDA180A3-7D9B-4B56-B4EC-D3B5FB1365E7}
		{C24213A7-B9F7-4EBA-B05E-F93571B73DED} = {DDA180A3-7D9B-4B56-B4EC-D3B5FB1365E7}
		{11ACCBEF-49A8-4A0D-9A7C-87294F2F0834} = {DDA180A3-7D9B-4B56-B4EC-D3B5FB1365E7}
		{1C4DCF5B-A994-48CB-8ED8-C419BC2B6885} = {FFA4B50D-1D55-4161-B16C-55E2F9F49708}
		{C374189C-E6B1-4E4E-A0DD-3A4B47CE58E2} = {FFA4B50D-1D55-4161-B16C-55E2F9F49708}
		{F0D9F173-E9DB-4B31-8714-F533E3F2AD4F} = {FFA4B50D-1D55-4161-B16C-55E2F9F49708}
		{629B701A-3A54-423C-AA01-A607172F2798} = {BCB9A61D-FAFE-47E2-BA54-715E97EBDFDE}
		{B5FDB28C-7B1D-4CC7-94AA-F7D5703AA671} = {BCB9A61D-FAFE-47E2-BA54-715E97EBDFDE}
		{D16BD41D-402A-4415-96C7-B0163070AFD6} = {BCB9A61D-FAFE-47E2-BA54-715E97EBDFDE}
		{2B86DF72-0301-4AF8-875F-F72CB9D42FED} = {66ADF898-A4F3-4C1F-B70B-BDEA6B121326}
		{EE234686-36D1-4CDD-AF91-C97F016A9312} = {66ADF898-A4F3-4C1F-B70B-BDEA6B121326}
		{BC1CFBDD-6B44-4757-BF26-7FE44BACD3D6} = {66ADF898-A4F3-4C1F-B70B-BDEA6B121326}
		{4E194381-392D-4411-9210-080B11955B15} = {20922655-2FF8-45B3-8DE1-5E1C0EEA8107}
		{5A1D49B5-4EAA-43DD-9FCC-7627883CFDC4} = {20922655-2FF8-45B3-8DE1-5E1C0EEA8107}
		{EE4D2CB7-B436-4F37-A57C-ECAB6E8ED57E} = {20922655-2FF8-45B3-8DE1-5E1C0EEA8107}
		{16A73AFA-2F0F-4DBE-ACD3-80795898E1A0} = {A4C9E3DA-EEBF-41F9-B9F6-859E04D1562C}
		{CA16484D-4B98-44E7-812C-EEA33BFED833} = {A4C9E3DA-EEBF-41F9-B9F6-859E04D1562C}
		{39158C47-45D4-4ECF-B110-13529B99CDE6} = {A4C9E3DA-EEBF-41F9-B9F6-859E04D1562C}
	EndGlobalSection
	GlobalSection(ExtensibilityGlobals) = postSolution
		SolutionGuid = {F550341D-01FF-4686-892D-46FE968340A8}
	EndGlobalSection
EndGlobal
